
Microsoft Visual Studio Solution File, Format Version 12.00
# Visual Studio Version 17
VisualStudioVersion = 17.14.36603.0 d17.14
MinimumVisualStudioVersion = 10.0.40219.1
Project("{FAE04EC0-301F-11D3-BF4B-00C04F79EFBC}") = "Practica 6", "Practica 6\Practica 6.csproj", "{D2B98C74-DFBF-47C5-AF9F-553EEE9F868A}"
EndProject
Global
	GlobalSection(SolutionConfigurationPlatforms) = preSolution
		Debug|Any CPU = Debug|Any CPU
		Release|Any CPU = Release|Any CPU
	EndGlobalSection
	GlobalSection(ProjectConfigurationPlatforms) = postSolution
		{D2B98C74-DFBF-47C5-AF9F-553EEE9F868A}.Debug|Any CPU.ActiveCfg = Debug|Any CPU
		{D2B98C74-DFBF-47C5-AF9F-553EEE9F868A}.Debug|Any CPU.Build.0 = Debug|Any CPU
		{D2B98C74-DFBF-47C5-AF9F-553EEE9F868A}.Release|Any CPU.ActiveCfg = Release|Any CPU
		{D2B98C74-DFBF-47C5-AF9F-553EEE9F868A}.Release|Any CPU.Build.0 = Release|Any CPU
	EndGlobalSection
	GlobalSection(SolutionProperties) = preSolution
		HideSolutionNode = FALSE
	EndGlobalSection
	GlobalSection(ExtensibilityGlobals) = postSolution
		SolutionGuid = {C30C92EC-A93C-4AA7-8167-824907DB3147}
	EndGlobalSection
EndGlobal
